
Microsoft Visual Studio Solution File, Format Version 12.00
# Visual Studio Version 16
VisualStudioVersion = 16.0.29519.87
MinimumVisualStudioVersion = 10.0.40219.1
Project("{FAE04EC0-301F-11D3-BF4B-00C04F79EFBC}") = "testgit", "testgit\testgit.csproj", "{6A62A526-7828-48E3-8094-11D72780AA8B}"
EndProject
Global
	GlobalSection(SolutionConfigurationPlatforms) = preSolution
		Debug|Any CPU = Debug|Any CPU
		Release|Any CPU = Release|Any CPU
	EndGlobalSection
	GlobalSection(ProjectConfigurationPlatforms) = postSolution
		{6A62A526-7828-48E3-8094-11D72780AA8B}.Debug|Any CPU.ActiveCfg = Debug|Any CPU
		{6A62A526-7828-48E3-8094-11D72780AA8B}.Debug|Any CPU.Build.0 = Debug|Any CPU
		{6A62A526-7828-48E3-8094-11D72780AA8B}.Release|Any CPU.ActiveCfg = Release|Any CPU
		{6A62A526-7828-48E3-8094-11D72780AA8B}.Release|Any CPU.Build.0 = Release|Any CPU
	EndGlobalSection
	GlobalSection(SolutionProperties) = preSolution
		HideSolutionNode = FALSE
	EndGlobalSection
	GlobalSection(ExtensibilityGlobals) = postSolution
		SolutionGuid = {4CEF6538-2CFE-41DE-93AA-C08EF1F2FC54}
	EndGlobalSection
EndGlobal
